
Microsoft Visual Studio Solution File, Format Version 12.00
# Visual Studio Version 17
VisualStudioVersion = 17.13.35825.156 d17.13
MinimumVisualStudioVersion = 10.0.40219.1
Project("{FAE04EC0-301F-11D3-BF4B-00C04F79EFBC}") = "ProyectoVueloV2", "ProyectoVueloV2\ProyectoVueloV2.csproj", "{4D8268A6-8B8D-4383-BEDB-6C4A27591721}"
EndProject
Global
	GlobalSection(SolutionConfigurationPlatforms) = preSolution
		Debug|Any CPU = Debug|Any CPU
		Release|Any CPU = Release|Any CPU
	EndGlobalSection
	GlobalSection(ProjectConfigurationPlatforms) = postSolution
		{4D8268A6-8B8D-4383-BEDB-6C4A27591721}.Debug|Any CPU.ActiveCfg = Debug|Any CPU
		{4D8268A6-8B8D-4383-BEDB-6C4A27591721}.Debug|Any CPU.Build.0 = Debug|Any CPU
		{4D8268A6-8B8D-4383-BEDB-6C4A27591721}.Release|Any CPU.ActiveCfg = Release|Any CPU
		{4D8268A6-8B8D-4383-BEDB-6C4A27591721}.Release|Any CPU.Build.0 = Release|Any CPU
	EndGlobalSection
	GlobalSection(SolutionProperties) = preSolution
		HideSolutionNode = FALSE
	EndGlobalSection
	GlobalSection(ExtensibilityGlobals) = postSolution
		SolutionGuid = {6997AFA4-67AC-41F7-A3E7-A73F4B34F29F}
	EndGlobalSection
EndGlobal
